
Microsoft Visual Studio Solution File, Format Version 12.00
# Visual Studio Version 17
VisualStudioVersion = 17.0.31903.59
MinimumVisualStudioVersion = 10.0.40219.1
Project("{2150E333-8FDC-42A3-9474-1A3956D46DE8}") = "src", "src", "{827E0CD3-B72D-47B6-A68D-7590B98EB39B}"
EndProject
Project("{FAE04EC0-301F-11D3-BF4B-00C04F79EFBC}") = "Gateway.Api", "src\Gateway.Api\Gateway.Api.csproj", "{CF15BCCD-BE96-4214-A380-8550FAE2977C}"
EndProject
Project("{FAE04EC0-301F-11D3-BF4B-00C04F79EFBC}") = "Gateway.Domain", "src\Gateway.Domain\Gateway.Domain.csproj", "{4133C566-1171-4C53-A709-F2FF2DE92595}"
EndProject
Project("{FAE04EC0-301F-11D3-BF4B-00C04F79EFBC}") = "Gateway.Application", "src\Gateway.Application\Gateway.Application.csproj", "{94F1B8FD-BB52-462F-90F2-9CE8CD140F51}"
EndProject
Project("{FAE04EC0-301F-11D3-BF4B-00C04F79EFBC}") = "Gateway.Infrastructure", "src\Gateway.Infrastructure\Gateway.Infrastructure.csproj", "{2CD40535-45AB-4774-B931-F2F3DCEC5812}"
EndProject
Project("{FAE04EC0-301F-11D3-BF4B-00C04F79EFBC}") = "Gateway.CertAuthority", "src\Gateway.CertAuthority\Gateway.CertAuthority.csproj", "{163082ED-6B92-4711-AC58-CCF261D41EFE}"
EndProject
Project("{FAE04EC0-301F-11D3-BF4B-00C04F79EFBC}") = "Gateway.Sdk.DotNet", "src\Gateway.Sdk.DotNet\Gateway.Sdk.DotNet.csproj", "{A2FB5921-6148-4732-B9B4-0AC7501FD094}"
EndProject
Project("{FAE04EC0-301F-11D3-BF4B-00C04F79EFBC}") = "Gateway.Test", "src\Gateway.Test\Gateway.Test.csproj", "{F3A3E5DB-20B6-4D39-8F21-D93A91809095}"
EndProject
Project("{FAE04EC0-301F-11D3-BF4B-00C04F79EFBC}") = "MockBoard.Adapter", "src\MockBoard.Adapter\MockBoard.Adapter.csproj", "{4C87E8AE-2E06-4D2D-B873-01E3199D90DD}"
EndProject
Global
	GlobalSection(SolutionConfigurationPlatforms) = preSolution
		Debug|Any CPU = Debug|Any CPU
		Debug|x64 = Debug|x64
		Debug|x86 = Debug|x86
		Release|Any CPU = Release|Any CPU
		Release|x64 = Release|x64
		Release|x86 = Release|x86
	EndGlobalSection
	GlobalSection(ProjectConfigurationPlatforms) = postSolution
		{CF15BCCD-BE96-4214-A380-8550FAE2977C}.Debug|Any CPU.ActiveCfg = Debug|Any CPU
		{CF15BCCD-BE96-4214-A380-8550FAE2977C}.Debug|Any CPU.Build.0 = Debug|Any CPU
		{CF15BCCD-BE96-4214-A380-8550FAE2977C}.Debug|x64.ActiveCfg = Debug|Any CPU
		{CF15BCCD-BE96-4214-A380-8550FAE2977C}.Debug|x64.Build.0 = Debug|Any CPU
		{CF15BCCD-BE96-4214-A380-8550FAE2977C}.Debug|x86.ActiveCfg = Debug|Any CPU
		{CF15BCCD-BE96-4214-A380-8550FAE2977C}.Debug|x86.Build.0 = Debug|Any CPU
		{CF15BCCD-BE96-4214-A380-8550FAE2977C}.Release|Any CPU.ActiveCfg = Release|Any CPU
		{CF15BCCD-BE96-4214-A380-8550FAE2977C}.Release|Any CPU.Build.0 = Release|Any CPU
		{CF15BCCD-BE96-4214-A380-8550FAE2977C}.Release|x64.ActiveCfg = Release|Any CPU
		{CF15BCCD-BE96-4214-A380-8550FAE2977C}.Release|x64.Build.0 = Release|Any CPU
		{CF15BCCD-BE96-4214-A380-8550FAE2977C}.Release|x86.ActiveCfg = Release|Any CPU
		{CF15BCCD-BE96-4214-A380-8550FAE2977C}.Release|x86.Build.0 = Release|Any CPU
		{4133C566-1171-4C53-A709-F2FF2DE92595}.Debug|Any CPU.ActiveCfg = Debug|Any CPU
		{4133C566-1171-4C53-A709-F2FF2DE92595}.Debug|Any CPU.Build.0 = Debug|Any CPU
		{4133C566-1171-4C53-A709-F2FF2DE92595}.Debug|x64.ActiveCfg = Debug|Any CPU
		{4133C566-1171-4C53-A709-F2FF2DE92595}.Debug|x64.Build.0 = Debug|Any CPU
		{4133C566-1171-4C53-A709-F2FF2DE92595}.Debug|x86.ActiveCfg = Debug|Any CPU
		{4133C566-1171-4C53-A709-F2FF2DE92595}.Debug|x86.Build.0 = Debug|Any CPU
		{4133C566-1171-4C53-A709-F2FF2DE92595}.Release|Any CPU.ActiveCfg = Release|Any CPU
		{4133C566-1171-4C53-A709-F2FF2DE92595}.Release|Any CPU.Build.0 = Release|Any CPU
		{4133C566-1171-4C53-A709-F2FF2DE92595}.Release|x64.ActiveCfg = Release|Any CPU
		{4133C566-1171-4C53-A709-F2FF2DE92595}.Release|x64.Build.0 = Release|Any CPU
		{4133C566-1171-4C53-A709-F2FF2DE92595}.Release|x86.ActiveCfg = Release|Any CPU
		{4133C566-1171-4C53-A709-F2FF2DE92595}.Release|x86.Build.0 = Release|Any CPU
		{94F1B8FD-BB52-462F-90F2-9CE8CD140F51}.Debug|Any CPU.ActiveCfg = Debug|Any CPU
		{94F1B8FD-BB52-462F-90F2-9CE8CD140F51}.Debug|Any CPU.Build.0 = Debug|Any CPU
		{94F1B8FD-BB52-462F-90F2-9CE8CD140F51}.Debug|x64.ActiveCfg = Debug|Any CPU
		{94F1B8FD-BB52-462F-90F2-9CE8CD140F51}.Debug|x64.Build.0 = Debug|Any CPU
		{94F1B8FD-BB52-462F-90F2-9CE8CD140F51}.Debug|x86.ActiveCfg = Debug|Any CPU
		{94F1B8FD-BB52-462F-90F2-9CE8CD140F51}.Debug|x86.Build.0 = Debug|Any CPU
		{94F1B8FD-BB52-462F-90F2-9CE8CD140F51}.Release|Any CPU.ActiveCfg = Release|Any CPU
		{94F1B8FD-BB52-462F-90F2-9CE8CD140F51}.Release|Any CPU.Build.0 = Release|Any CPU
		{94F1B8FD-BB52-462F-90F2-9CE8CD140F51}.Release|x64.ActiveCfg = Release|Any CPU
		{94F1B8FD-BB52-462F-90F2-9CE8CD140F51}.Release|x64.Build.0 = Release|Any CPU
		{94F1B8FD-BB52-462F-90F2-9CE8CD140F51}.Release|x86.ActiveCfg = Release|Any CPU
		{94F1B8FD-BB52-462F-90F2-9CE8CD140F51}.Release|x86.Build.0 = Release|Any CPU
		{2CD40535-45AB-4774-B931-F2F3DCEC5812}.Debug|Any CPU.ActiveCfg = Debug|Any CPU
		{2CD40535-45AB-4774-B931-F2F3DCEC5812}.Debug|Any CPU.Build.0 = Debug|Any CPU
		{2CD40535-45AB-4774-B931-F2F3DCEC5812}.Debug|x64.ActiveCfg = Debug|Any CPU
		{2CD40535-45AB-4774-B931-F2F3DCEC5812}.Debug|x64.Build.0 = Debug|Any CPU
		{2CD40535-45AB-4774-B931-F2F3DCEC5812}.Debug|x86.ActiveCfg = Debug|Any CPU
		{2CD40535-45AB-4774-B931-F2F3DCEC5812}.Debug|x86.Build.0 = Debug|Any CPU
		{2CD40535-45AB-4774-B931-F2F3DCEC5812}.Release|Any CPU.ActiveCfg = Release|Any CPU
		{2CD40535-45AB-4774-B931-F2F3DCEC5812}.Release|Any CPU.Build.0 = Release|Any CPU
		{2CD40535-45AB-4774-B931-F2F3DCEC5812}.Release|x64.ActiveCfg = Release|Any CPU
		{2CD40535-45AB-4774-B931-F2F3DCEC5812}.Release|x64.Build.0 = Release|Any CPU
		{2CD40535-45AB-4774-B931-F2F3DCEC5812}.Release|x86.ActiveCfg = Release|Any CPU
		{2CD40535-45AB-4774-B931-F2F3DCEC5812}.Release|x86.Build.0 = Release|Any CPU
		{163082ED-6B92-4711-AC58-CCF261D41EFE}.Debug|Any CPU.ActiveCfg = Debug|Any CPU
		{163082ED-6B92-4711-AC58-CCF261D41EFE}.Debug|Any CPU.Build.0 = Debug|Any CPU
		{163082ED-6B92-4711-AC58-CCF261D41EFE}.Debug|x64.ActiveCfg = Debug|Any CPU
		{163082ED-6B92-4711-AC58-CCF261D41EFE}.Debug|x64.Build.0 = Debug|Any CPU
		{163082ED-6B92-4711-AC58-CCF261D41EFE}.Debug|x86.ActiveCfg = Debug|Any CPU
		{163082ED-6B92-4711-AC58-CCF261D41EFE}.Debug|x86.Build.0 = Debug|Any CPU
		{163082ED-6B92-4711-AC58-CCF261D41EFE}.Release|Any CPU.ActiveCfg = Release|Any CPU
		{163082ED-6B92-4711-AC58-CCF261D41EFE}.Release|Any CPU.Build.0 = Release|Any CPU
		{163082ED-6B92-4711-AC58-CCF261D41EFE}.Release|x64.ActiveCfg = Release|Any CPU
		{163082ED-6B92-4711-AC58-CCF261D41EFE}.Release|x64.Build.0 = Release|Any CPU
		{163082ED-6B92-4711-AC58-CCF261D41EFE}.Release|x86.ActiveCfg = Release|Any CPU
		{163082ED-6B92-4711-AC58-CCF261D41EFE}.Release|x86.Build.0 = Release|Any CPU
		{A2FB5921-6148-4732-B9B4-0AC7501FD094}.Debug|Any CPU.ActiveCfg = Debug|Any CPU
		{A2FB5921-6148-4732-B9B4-0AC7501FD094}.Debug|Any CPU.Build.0 = Debug|Any CPU
		{A2FB5921-6148-4732-B9B4-0AC7501FD094}.Debug|x64.ActiveCfg = Debug|Any CPU
		{A2FB5921-6148-4732-B9B4-0AC7501FD094}.Debug|x64.Build.0 = Debug|Any CPU
		{A2FB5921-6148-4732-B9B4-0AC7501FD094}.Debug|x86.ActiveCfg = Debug|Any CPU
		{A2FB5921-6148-4732-B9B4-0AC7501FD094}.Debug|x86.Build.0 = Debug|Any CPU
		{A2FB5921-6148-4732-B9B4-0AC7501FD094}.Release|Any CPU.ActiveCfg = Release|Any CPU
		{A2FB5921-6148-4732-B9B4-0AC7501FD094}.Release|Any CPU.Build.0 = Release|Any CPU
		{A2FB5921-6148-4732-B9B4-0AC7501FD094}.Release|x64.ActiveCfg = Release|Any CPU
		{A2FB5921-6148-4732-B9B4-0AC7501FD094}.Release|x64.Build.0 = Release|Any CPU
		{A2FB5921-6148-4732-B9B4-0AC7501FD094}.Release|x86.ActiveCfg = Release|Any CPU
		{A2FB5921-6148-4732-B9B4-0AC7501FD094}.Release|x86.Build.0 = Release|Any CPU
		{F3A3E5DB-20B6-4D39-8F21-D93A91809095}.Debug|Any CPU.ActiveCfg = Debug|Any CPU
		{F3A3E5DB-20B6-4D39-8F21-D93A91809095}.Debug|Any CPU.Build.0 = Debug|Any CPU
		{F3A3E5DB-20B6-4D39-8F21-D93A91809095}.Debug|x64.ActiveCfg = Debug|Any CPU
		{F3A3E5DB-20B6-4D39-8F21-D93A91809095}.Debug|x64.Build.0 = Debug|Any CPU
		{F3A3E5DB-20B6-4D39-8F21-D93A91809095}.Debug|x86.ActiveCfg = Debug|Any CPU
		{F3A3E5DB-20B6-4D39-8F21-D93A91809095}.Debug|x86.Build.0 = Debug|Any CPU
		{F3A3E5DB-20B6-4D39-8F21-D93A91809095}.Release|Any CPU.ActiveCfg = Release|Any CPU
		{F3A3E5DB-20B6-4D39-8F21-D93A91809095}.Release|Any CPU.Build.0 = Release|Any CPU
		{F3A3E5DB-20B6-4D39-8F21-D93A91809095}.Release|x64.ActiveCfg = Release|Any CPU
		{F3A3E5DB-20B6-4D39-8F21-D93A91809095}.Release|x64.Build.0 = Release|Any CPU
		{F3A3E5DB-20B6-4D39-8F21-D93A91809095}.Release|x86.ActiveCfg = Release|Any CPU
		{F3A3E5DB-20B6-4D39-8F21-D93A91809095}.Release|x86.Build.0 = Release|Any CPU
		{4C87E8AE-2E06-4D2D-B873-01E3199D90DD}.Debug|Any CPU.ActiveCfg = Debug|Any CPU
		{4C87E8AE-2E06-4D2D-B873-01E3199D90DD}.Debug|Any CPU.Build.0 = Debug|Any CPU
		{4C87E8AE-2E06-4D2D-B873-01E3199D90DD}.Debug|x64.ActiveCfg = Debug|Any CPU
		{4C87E8AE-2E06-4D2D-B873-01E3199D90DD}.Debug|x64.Build.0 = Debug|Any CPU
		{4C87E8AE-2E06-4D2D-B873-01E3199D90DD}.Debug|x86.ActiveCfg = Debug|Any CPU
		{4C87E8AE-2E06-4D2D-B873-01E3199D90DD}.Debug|x86.Build.0 = Debug|Any CPU
		{4C87E8AE-2E06-4D2D-B873-01E3199D90DD}.Release|Any CPU.ActiveCfg = Release|Any CPU
		{4C87E8AE-2E06-4D2D-B873-01E3199D90DD}.Release|Any CPU.Build.0 = Release|Any CPU
		{4C87E8AE-2E06-4D2D-B873-01E3199D90DD}.Release|x64.ActiveCfg = Release|Any CPU
		{4C87E8AE-2E06-4D2D-B873-01E3199D90DD}.Release|x64.Build.0 = Release|Any CPU
		{4C87E8AE-2E06-4D2D-B873-01E3199D90DD}.Release|x86.ActiveCfg = Release|Any CPU
		{4C87E8AE-2E06-4D2D-B873-01E3199D90DD}.Release|x86.Build.0 = Release|Any CPU
	EndGlobalSection
	GlobalSection(SolutionProperties) = preSolution
		HideSolutionNode = FALSE
	EndGlobalSection
	GlobalSection(NestedProjects) = preSolution
		{CF15BCCD-BE96-4214-A380-8550FAE2977C} = {827E0CD3-B72D-47B6-A68D-7590B98EB39B}
		{4133C566-1171-4C53-A709-F2FF2DE92595} = {827E0CD3-B72D-47B6-A68D-7590B98EB39B}
		{94F1B8FD-BB52-462F-90F2-9CE8CD140F51} = {827E0CD3-B72D-47B6-A68D-7590B98EB39B}
		{2CD40535-45AB-4774-B931-F2F3DCEC5812} = {827E0CD3-B72D-47B6-A68D-7590B98EB39B}
		{163082ED-6B92-4711-AC58-CCF261D41EFE} = {827E0CD3-B72D-47B6-A68D-7590B98EB39B}
		{A2FB5921-6148-4732-B9B4-0AC7501FD094} = {827E0CD3-B72D-47B6-A68D-7590B98EB39B}
		{F3A3E5DB-20B6-4D39-8F21-D93A91809095} = {827E0CD3-B72D-47B6-A68D-7590B98EB39B}
		{4C87E8AE-2E06-4D2D-B873-01E3199D90DD} = {827E0CD3-B72D-47B6-A68D-7590B98EB39B}
	EndGlobalSection
EndGlobal
